{
  "name": "botlanation",
  "version": "1.0.0",
  "lockfileVersion": 3,
  "requires": true,
  "packages": {
    "": {
      "name": "botlanation",
      "version": "1.0.0",
      "license": "MIT",
      "dependencies": {
        "@cloudflare/workers-types": "^4.20240117.0",
        "dotenv": "^16.3.1",
        "node-telegram-bot-api": "^0.64.0"
      },
      "optionalDependencies": {
        "node-fetch": "^2.6.7",
        "sqlite3": "^5.1.6"
      },
      "devDependencies": {
        "nodemon": "^3.0.2",
        "wrangler": "^3.22.4"
      }
    }
  }
}